
Microsoft Visual Studio Solution File, Format Version 12.00
# Visual Studio 15
Project("{FAE04EC0-301F-11D3-BF4B-00C04F79EFBC}") = "Unity.Timeline", "Unity.Timeline.csproj", "{A0063C72-7C17-E1EC-0997-44712D7AB7E6}"
EndProject
Project("{FAE04EC0-301F-11D3-BF4B-00C04F79EFBC}") = "Unity.Timeline.Editor", "Unity.Timeline.Editor.csproj", "{7195C30F-E1E8-D983-4ACD-E41FD1DF6EF9}"
EndProject
Project("{FAE04EC0-301F-11D3-BF4B-00C04F79EFBC}") = "Unity.2D.Tilemap.Editor", "Unity.2D.Tilemap.Editor.csproj", "{2EF7BB12-980F-E38C-739E-EC2CFB6BFA36}"
EndProject
Project("{FAE04EC0-301F-11D3-BF4B-00C04F79EFBC}") = "Unity.TextMeshPro.Editor", "Unity.TextMeshPro.Editor.csproj", "{39DD5FEB-164F-6CA1-0B5B-C240F82CC019}"
EndProject
Project("{FAE04EC0-301F-11D3-BF4B-00C04F79EFBC}") = "Unity.2D.Aseprite.Editor", "Unity.2D.Aseprite.Editor.csproj", "{3CF355E8-B67B-500B-00AC-0D5E208D1B9D}"
EndProject
Project("{FAE04EC0-301F-11D3-BF4B-00C04F79EFBC}") = "Unity.VisualScripting.Flow", "Unity.VisualScripting.Flow.csproj", "{A55B960C-E232-1DCC-61B6-9A36EC4962CE}"
EndProject
Project("{FAE04EC0-301F-11D3-BF4B-00C04F79EFBC}") = "UnityEditor.UI", "UnityEditor.UI.csproj", "{3C5EB31E-8A76-D6F0-06F6-121F84A263A6}"
EndProject
Project("{FAE04EC0-301F-11D3-BF4B-00C04F79EFBC}") = "Unity.PlasticSCM.Editor", "Unity.PlasticSCM.Editor.csproj", "{56C23C87-F3A6-AB69-5FC7-CFD47BA18725}"
EndProject
Project("{FAE04EC0-301F-11D3-BF4B-00C04F79EFBC}") = "Unity.2D.Psdimporter.Editor", "Unity.2D.Psdimporter.Editor.csproj", "{0C8501C2-FAA2-5E20-D5C5-782EAD35082F}"
EndProject
Project("{FAE04EC0-301F-11D3-BF4B-00C04F79EFBC}") = "Unity.VisualScripting.Core", "Unity.VisualScripting.Core.csproj", "{2675C27C-48ED-C5F9-E975-A1A3EF0B9365}"
EndProject
Project("{FAE04EC0-301F-11D3-BF4B-00C04F79EFBC}") = "Unity.Mathematics", "Unity.Mathematics.csproj", "{BC400AF8-ED24-EB81-3B7E-68D577E96E9B}"
EndProject
Project("{FAE04EC0-301F-11D3-BF4B-00C04F79EFBC}") = "Unity.2D.Animation.Editor", "Unity.2D.Animation.Editor.csproj", "{CB2BAF9A-8A62-8B7B-E5D7-F1FBD8C86C4E}"
EndProject
Project("{FAE04EC0-301F-11D3-BF4B-00C04F79EFBC}") = "Unity.2D.Common.Path.Editor", "Unity.2D.Common.Path.Editor.csproj", "{C24520C6-94D0-EF8E-AB50-A00D9BEACC24}"
EndProject
Project("{FAE04EC0-301F-11D3-BF4B-00C04F79EFBC}") = "Unity.VisualScripting.Core.Editor", "Unity.VisualScripting.Core.Editor.csproj", "{6059BDD7-4E45-6F49-FA29-DD79D5663420}"
EndProject
Project("{FAE04EC0-301F-11D3-BF4B-00C04F79EFBC}") = "Unity.2D.IK.Runtime", "Unity.2D.IK.Runtime.csproj", "{69B0D71F-0DD8-9B6C-7692-0D6C5917BF20}"
EndProject
Project("{FAE04EC0-301F-11D3-BF4B-00C04F79EFBC}") = "Unity.VisualScripting.Flow.Editor", "Unity.VisualScripting.Flow.Editor.csproj", "{4B3C8E04-FFE0-E2B5-1673-6370DBF6B9DA}"
EndProject
Project("{FAE04EC0-301F-11D3-BF4B-00C04F79EFBC}") = "UnityEditor.TestRunner", "UnityEditor.TestRunner.csproj", "{01934FA0-13B8-0E04-1831-EF4E1B1D9FFB}"
EndProject
Project("{FAE04EC0-301F-11D3-BF4B-00C04F79EFBC}") = "Unity.VisualScripting.SettingsProvider.Editor", "Unity.VisualScripting.SettingsProvider.Editor.csproj", "{34CD7A4F-1503-BADE-0859-6E8FF4F1ABFE}"
EndProject
Project("{FAE04EC0-301F-11D3-BF4B-00C04F79EFBC}") = "UnityEngine.TestRunner", "UnityEngine.TestRunner.csproj", "{42DC5132-9B91-EAD0-35AB-E84974CEA302}"
EndProject
Project("{FAE04EC0-301F-11D3-BF4B-00C04F79EFBC}") = "PsdPlugin", "PsdPlugin.csproj", "{23889FDD-8851-DA9B-57E1-FDA9E09A5F02}"
EndProject
Project("{FAE04EC0-301F-11D3-BF4B-00C04F79EFBC}") = "Unity.Burst", "Unity.Burst.csproj", "{EFD4A899-8CF7-5EF0-2BBE-4AE0DE683BB4}"
EndProject
Project("{FAE04EC0-301F-11D3-BF4B-00C04F79EFBC}") = "UnityEngine.UI", "UnityEngine.UI.csproj", "{CE95C546-6869-CC45-D036-006A4B2BEDFA}"
EndProject
Project("{FAE04EC0-301F-11D3-BF4B-00C04F79EFBC}") = "Unity.2D.SpriteShape.Editor", "Unity.2D.SpriteShape.Editor.csproj", "{E24AACBF-D832-D1F7-94FA-B2095B2B7C97}"
EndProject
Project("{FAE04EC0-301F-11D3-BF4B-00C04F79EFBC}") = "Unity.Collections", "Unity.Collections.csproj", "{686C1CB6-91DC-D6AE-22AE-C47E53E3ABA2}"
EndProject
Project("{FAE04EC0-301F-11D3-BF4B-00C04F79EFBC}") = "Unity.VisualStudio.Editor", "Unity.VisualStudio.Editor.csproj", "{F996A9D8-C526-CCF6-446F-2DF5318392D0}"
EndProject
Project("{FAE04EC0-301F-11D3-BF4B-00C04F79EFBC}") = "Unity.2D.Tilemap.Extras.Editor", "Unity.2D.Tilemap.Extras.Editor.csproj", "{37D53B94-04B5-8799-529A-0221B4F7CDA4}"
EndProject
Project("{FAE04EC0-301F-11D3-BF4B-00C04F79EFBC}") = "Unity.Rider.Editor", "Unity.Rider.Editor.csproj", "{31B01627-9E3E-1897-8E82-A72DE4CBF45C}"
EndProject
Project("{FAE04EC0-301F-11D3-BF4B-00C04F79EFBC}") = "Unity.InternalAPIEditorBridge.001", "Unity.InternalAPIEditorBridge.001.csproj", "{E5833CFA-D969-FD19-D7F2-48F318AB3ED4}"
EndProject
Project("{FAE04EC0-301F-11D3-BF4B-00C04F79EFBC}") = "Unity.2D.SpriteShape.Runtime", "Unity.2D.SpriteShape.Runtime.csproj", "{3A6469AD-285F-91F5-9058-EF0CF2862F25}"
EndProject
Project("{FAE04EC0-301F-11D3-BF4B-00C04F79EFBC}") = "Unity.VisualScripting.State.Editor", "Unity.VisualScripting.State.Editor.csproj", "{69F2AE9F-F3CB-5E12-486B-D5A4C32893FA}"
EndProject
Project("{FAE04EC0-301F-11D3-BF4B-00C04F79EFBC}") = "Unity.2D.Animation.Runtime", "Unity.2D.Animation.Runtime.csproj", "{179E0015-3118-5274-695E-81E93FD9A140}"
EndProject
Project("{FAE04EC0-301F-11D3-BF4B-00C04F79EFBC}") = "Unity.Burst.CodeGen", "Unity.Burst.CodeGen.csproj", "{388C6A3D-1936-CDE2-923F-7588473A5603}"
EndProject
Project("{FAE04EC0-301F-11D3-BF4B-00C04F79EFBC}") = "Unity.2D.Tilemap.Extras", "Unity.2D.Tilemap.Extras.csproj", "{7D67E246-9D14-78A8-63EC-8ED4E8B49665}"
EndProject
Project("{FAE04EC0-301F-11D3-BF4B-00C04F79EFBC}") = "Unity.VisualScripting.State", "Unity.VisualScripting.State.csproj", "{E3AFA95B-23CC-C73B-0331-FE10369EBEB6}"
EndProject
Project("{FAE04EC0-301F-11D3-BF4B-00C04F79EFBC}") = "Unity.TextMeshPro", "Unity.TextMeshPro.csproj", "{0FEFB843-0E5D-C49A-246E-C65E96472D63}"
EndProject
Project("{FAE04EC0-301F-11D3-BF4B-00C04F79EFBC}") = "Unity.2D.Aseprite.Common", "Unity.2D.Aseprite.Common.csproj", "{B3A5AB83-690E-B174-3F55-15602F1C9610}"
EndProject
Project("{FAE04EC0-301F-11D3-BF4B-00C04F79EFBC}") = "Unity.2D.IK.Editor", "Unity.2D.IK.Editor.csproj", "{43A13592-23B8-F20C-ED5F-D75BAA627287}"
EndProject
Project("{FAE04EC0-301F-11D3-BF4B-00C04F79EFBC}") = "Unity.InternalAPIEngineBridge.001", "Unity.InternalAPIEngineBridge.001.csproj", "{94F42BEC-A0F8-EBF7-0EA4-E551D5ADD74B}"
EndProject
Project("{FAE04EC0-301F-11D3-BF4B-00C04F79EFBC}") = "Unity.Burst.Editor", "Unity.Burst.Editor.csproj", "{1E888E7C-D73E-11DF-BA42-A1C13A94E0B3}"
EndProject
Project("{FAE04EC0-301F-11D3-BF4B-00C04F79EFBC}") = "Unity.2D.Common.Editor", "Unity.2D.Common.Editor.csproj", "{FA75DAA4-A045-39F6-3524-3EB3F54BD51F}"
EndProject
Project("{FAE04EC0-301F-11D3-BF4B-00C04F79EFBC}") = "Unity.2D.Sprite.Editor", "Unity.2D.Sprite.Editor.csproj", "{F73130E9-F73E-5FD5-E6BF-DC1CECD856F6}"
EndProject
Project("{FAE04EC0-301F-11D3-BF4B-00C04F79EFBC}") = "Unity.2D.PixelPerfect", "Unity.2D.PixelPerfect.csproj", "{0091078B-1EAC-CAC5-EA19-C4089BDE0190}"
EndProject
Project("{FAE04EC0-301F-11D3-BF4B-00C04F79EFBC}") = "Unity.2D.PixelPerfect.Editor", "Unity.2D.PixelPerfect.Editor.csproj", "{3EC6C44E-3585-0860-1D91-E5FF1B112DDE}"
EndProject
Project("{FAE04EC0-301F-11D3-BF4B-00C04F79EFBC}") = "Unity.2D.Common.Runtime", "Unity.2D.Common.Runtime.csproj", "{668896FF-F806-60CB-A47C-F091B839B2FB}"
EndProject
Project("{FAE04EC0-301F-11D3-BF4B-00C04F79EFBC}") = "Unity.Mathematics.Editor", "Unity.Mathematics.Editor.csproj", "{FC4C6AC9-214B-39C8-7794-C295E51584FD}"
EndProject
Project("{FAE04EC0-301F-11D3-BF4B-00C04F79EFBC}") = "Unity.Collections.BurstCompatibilityGen", "Unity.Collections.BurstCompatibilityGen.csproj", "{3FD0E958-75E8-C6E8-C8E4-08982720669B}"
EndProject
Project("{FAE04EC0-301F-11D3-BF4B-00C04F79EFBC}") = "Unity.InternalAPIEditorBridge.005", "Unity.InternalAPIEditorBridge.005.csproj", "{06338C22-6BC1-1E70-F35F-E22E5833BF7C}"
EndProject
Project("{FAE04EC0-301F-11D3-BF4B-00C04F79EFBC}") = "Unity.VisualScripting.Shared.Editor", "Unity.VisualScripting.Shared.Editor.csproj", "{96331556-8C15-0731-BD4F-F981FD97C398}"
EndProject
Project("{FAE04EC0-301F-11D3-BF4B-00C04F79EFBC}") = "Unity.Collections.DocCodeSamples", "Unity.Collections.DocCodeSamples.csproj", "{56FDB495-A910-FFDD-1F27-19B2001F384A}"
EndProject
Project("{FAE04EC0-301F-11D3-BF4B-00C04F79EFBC}") = "Unity.CollabProxy.Editor", "Unity.CollabProxy.Editor.csproj", "{639AEE65-DEB6-F639-602A-1E0E57A40FC4}"
EndProject
Project("{FAE04EC0-301F-11D3-BF4B-00C04F79EFBC}") = "Unity.Timeline", "Unity.Timeline.Player.csproj", "{52F1FB7F-BAD8-3559-DB28-3E735CFC4AFA}"
EndProject
Project("{FAE04EC0-301F-11D3-BF4B-00C04F79EFBC}") = "Unity.VisualScripting.Flow", "Unity.VisualScripting.Flow.Player.csproj", "{1851FCAF-7635-FDF1-D34B-9A7C1115A4D9}"
EndProject
Project("{FAE04EC0-301F-11D3-BF4B-00C04F79EFBC}") = "Unity.VisualScripting.Core", "Unity.VisualScripting.Core.Player.csproj", "{747A7086-8435-9C6A-EF58-7C4F4DBF5C4C}"
EndProject
Project("{FAE04EC0-301F-11D3-BF4B-00C04F79EFBC}") = "Unity.Mathematics", "Unity.Mathematics.Player.csproj", "{37B5FD76-3A3C-4586-B253-22D140BF7DFF}"
EndProject
Project("{FAE04EC0-301F-11D3-BF4B-00C04F79EFBC}") = "Unity.2D.IK.Runtime", "Unity.2D.IK.Runtime.Player.csproj", "{21E23F15-EBDA-DE81-0FFE-DB7E1D864ACD}"
EndProject
Project("{FAE04EC0-301F-11D3-BF4B-00C04F79EFBC}") = "UnityEngine.TestRunner", "UnityEngine.TestRunner.Player.csproj", "{356926C1-47E2-4EE3-3D59-B15B352ED078}"
EndProject
Project("{FAE04EC0-301F-11D3-BF4B-00C04F79EFBC}") = "Unity.Burst", "Unity.Burst.Player.csproj", "{BBC6353D-8F5A-DA95-4653-6E7560DC0CB4}"
EndProject
Project("{FAE04EC0-301F-11D3-BF4B-00C04F79EFBC}") = "UnityEngine.UI", "UnityEngine.UI.Player.csproj", "{97031980-BDDF-E822-620A-2C3E6F9C6E64}"
EndProject
Project("{FAE04EC0-301F-11D3-BF4B-00C04F79EFBC}") = "Unity.Collections", "Unity.Collections.Player.csproj", "{A6F8232E-713A-50E6-7763-93B871488A26}"
EndProject
Project("{FAE04EC0-301F-11D3-BF4B-00C04F79EFBC}") = "Unity.2D.SpriteShape.Runtime", "Unity.2D.SpriteShape.Runtime.Player.csproj", "{3D64A010-DDE3-30E3-8B22-FE27F42DB9ED}"
EndProject
Project("{FAE04EC0-301F-11D3-BF4B-00C04F79EFBC}") = "Unity.2D.Animation.Runtime", "Unity.2D.Animation.Runtime.Player.csproj", "{C558762F-1D30-C675-AF00-7E5B4A2083C8}"
EndProject
Project("{FAE04EC0-301F-11D3-BF4B-00C04F79EFBC}") = "Unity.2D.Tilemap.Extras", "Unity.2D.Tilemap.Extras.Player.csproj", "{89A3D8D3-C6C3-EF49-1C2A-46F8338847A4}"
EndProject
Project("{FAE04EC0-301F-11D3-BF4B-00C04F79EFBC}") = "Unity.VisualScripting.State", "Unity.VisualScripting.State.Player.csproj", "{D535FE44-4F73-1B2E-D061-4690A5F43958}"
EndProject
Project("{FAE04EC0-301F-11D3-BF4B-00C04F79EFBC}") = "Unity.TextMeshPro", "Unity.TextMeshPro.Player.csproj", "{6C8C7B98-DB27-E117-1DAB-58412AD4FC43}"
EndProject
Project("{FAE04EC0-301F-11D3-BF4B-00C04F79EFBC}") = "Unity.InternalAPIEngineBridge.001", "Unity.InternalAPIEngineBridge.001.Player.csproj", "{5CAF2C8E-8D8B-02EF-3566-CEA6082D1497}"
EndProject
Project("{FAE04EC0-301F-11D3-BF4B-00C04F79EFBC}") = "Unity.2D.PixelPerfect", "Unity.2D.PixelPerfect.Player.csproj", "{B44FB2E5-E31F-A0A6-D239-2B0B2E961122}"
EndProject
Project("{FAE04EC0-301F-11D3-BF4B-00C04F79EFBC}") = "Unity.2D.Common.Runtime", "Unity.2D.Common.Runtime.Player.csproj", "{B3FF3CDB-A207-07FB-F58C-670EAA780F2E}"
EndProject
Global
	GlobalSection(SolutionConfigurationPlatforms) = preSolution
		Debug|Any CPU = Debug|Any CPU
		Release|Any CPU = Release|Any CPU
	EndGlobalSection
	GlobalSection(ProjectConfigurationPlatforms) = postSolution
		{A0063C72-7C17-E1EC-0997-44712D7AB7E6}.Debug|Any CPU.ActiveCfg = Debug|Any CPU
		{A0063C72-7C17-E1EC-0997-44712D7AB7E6}.Debug|Any CPU.Build.0 = Debug|Any CPU
		{A0063C72-7C17-E1EC-0997-44712D7AB7E6}.Release|Any CPU.ActiveCfg = Release|Any CPU
		{A0063C72-7C17-E1EC-0997-44712D7AB7E6}.Release|Any CPU.Build.0 = Release|Any CPU
		{7195C30F-E1E8-D983-4ACD-E41FD1DF6EF9}.Debug|Any CPU.ActiveCfg = Debug|Any CPU
		{7195C30F-E1E8-D983-4ACD-E41FD1DF6EF9}.Debug|Any CPU.Build.0 = Debug|Any CPU
		{7195C30F-E1E8-D983-4ACD-E41FD1DF6EF9}.Release|Any CPU.ActiveCfg = Release|Any CPU
		{7195C30F-E1E8-D983-4ACD-E41FD1DF6EF9}.Release|Any CPU.Build.0 = Release|Any CPU
		{2EF7BB12-980F-E38C-739E-EC2CFB6BFA36}.Debug|Any CPU.ActiveCfg = Debug|Any CPU
		{2EF7BB12-980F-E38C-739E-EC2CFB6BFA36}.Debug|Any CPU.Build.0 = Debug|Any CPU
		{2EF7BB12-980F-E38C-739E-EC2CFB6BFA36}.Release|Any CPU.ActiveCfg = Release|Any CPU
		{2EF7BB12-980F-E38C-739E-EC2CFB6BFA36}.Release|Any CPU.Build.0 = Release|Any CPU
		{39DD5FEB-164F-6CA1-0B5B-C240F82CC019}.Debug|Any CPU.ActiveCfg = Debug|Any CPU
		{39DD5FEB-164F-6CA1-0B5B-C240F82CC019}.Debug|Any CPU.Build.0 = Debug|Any CPU
		{39DD5FEB-164F-6CA1-0B5B-C240F82CC019}.Release|Any CPU.ActiveCfg = Release|Any CPU
		{39DD5FEB-164F-6CA1-0B5B-C240F82CC019}.Release|Any CPU.Build.0 = Release|Any CPU
		{3CF355E8-B67B-500B-00AC-0D5E208D1B9D}.Debug|Any CPU.ActiveCfg = Debug|Any CPU
		{3CF355E8-B67B-500B-00AC-0D5E208D1B9D}.Debug|Any CPU.Build.0 = Debug|Any CPU
		{3CF355E8-B67B-500B-00AC-0D5E208D1B9D}.Release|Any CPU.ActiveCfg = Release|Any CPU
		{3CF355E8-B67B-500B-00AC-0D5E208D1B9D}.Release|Any CPU.Build.0 = Release|Any CPU
		{A55B960C-E232-1DCC-61B6-9A36EC4962CE}.Debug|Any CPU.ActiveCfg = Debug|Any CPU
		{A55B960C-E232-1DCC-61B6-9A36EC4962CE}.Debug|Any CPU.Build.0 = Debug|Any CPU
		{A55B960C-E232-1DCC-61B6-9A36EC4962CE}.Release|Any CPU.ActiveCfg = Release|Any CPU
		{A55B960C-E232-1DCC-61B6-9A36EC4962CE}.Release|Any CPU.Build.0 = Release|Any CPU
		{3C5EB31E-8A76-D6F0-06F6-121F84A263A6}.Debug|Any CPU.ActiveCfg = Debug|Any CPU
		{3C5EB31E-8A76-D6F0-06F6-121F84A263A6}.Debug|Any CPU.Build.0 = Debug|Any CPU
		{3C5EB31E-8A76-D6F0-06F6-121F84A263A6}.Release|Any CPU.ActiveCfg = Release|Any CPU
		{3C5EB31E-8A76-D6F0-06F6-121F84A263A6}.Release|Any CPU.Build.0 = Release|Any CPU
		{56C23C87-F3A6-AB69-5FC7-CFD47BA18725}.Debug|Any CPU.ActiveCfg = Debug|Any CPU
		{56C23C87-F3A6-AB69-5FC7-CFD47BA18725}.Debug|Any CPU.Build.0 = Debug|Any CPU
		{56C23C87-F3A6-AB69-5FC7-CFD47BA18725}.Release|Any CPU.ActiveCfg = Release|Any CPU
		{56C23C87-F3A6-AB69-5FC7-CFD47BA18725}.Release|Any CPU.Build.0 = Release|Any CPU
		{0C8501C2-FAA2-5E20-D5C5-782EAD35082F}.Debug|Any CPU.ActiveCfg = Debug|Any CPU
		{0C8501C2-FAA2-5E20-D5C5-782EAD35082F}.Debug|Any CPU.Build.0 = Debug|Any CPU
		{0C8501C2-FAA2-5E20-D5C5-782EAD35082F}.Release|Any CPU.ActiveCfg = Release|Any CPU
		{0C8501C2-FAA2-5E20-D5C5-782EAD35082F}.Release|Any CPU.Build.0 = Release|Any CPU
		{2675C27C-48ED-C5F9-E975-A1A3EF0B9365}.Debug|Any CPU.ActiveCfg = Debug|Any CPU
		{2675C27C-48ED-C5F9-E975-A1A3EF0B9365}.Debug|Any CPU.Build.0 = Debug|Any CPU
		{2675C27C-48ED-C5F9-E975-A1A3EF0B9365}.Release|Any CPU.ActiveCfg = Release|Any CPU
		{2675C27C-48ED-C5F9-E975-A1A3EF0B9365}.Release|Any CPU.Build.0 = Release|Any CPU
		{BC400AF8-ED24-EB81-3B7E-68D577E96E9B}.Debug|Any CPU.ActiveCfg = Debug|Any CPU
		{BC400AF8-ED24-EB81-3B7E-68D577E96E9B}.Debug|Any CPU.Build.0 = Debug|Any CPU
		{BC400AF8-ED24-EB81-3B7E-68D577E96E9B}.Release|Any CPU.ActiveCfg = Release|Any CPU
		{BC400AF8-ED24-EB81-3B7E-68D577E96E9B}.Release|Any CPU.Build.0 = Release|Any CPU
		{CB2BAF9A-8A62-8B7B-E5D7-F1FBD8C86C4E}.Debug|Any CPU.ActiveCfg = Debug|Any CPU
		{CB2BAF9A-8A62-8B7B-E5D7-F1FBD8C86C4E}.Debug|Any CPU.Build.0 = Debug|Any CPU
		{CB2BAF9A-8A62-8B7B-E5D7-F1FBD8C86C4E}.Release|Any CPU.ActiveCfg = Release|Any CPU
		{CB2BAF9A-8A62-8B7B-E5D7-F1FBD8C86C4E}.Release|Any CPU.Build.0 = Release|Any CPU
		{C24520C6-94D0-EF8E-AB50-A00D9BEACC24}.Debug|Any CPU.ActiveCfg = Debug|Any CPU
		{C24520C6-94D0-EF8E-AB50-A00D9BEACC24}.Debug|Any CPU.Build.0 = Debug|Any CPU
		{C24520C6-94D0-EF8E-AB50-A00D9BEACC24}.Release|Any CPU.ActiveCfg = Release|Any CPU
		{C24520C6-94D0-EF8E-AB50-A00D9BEACC24}.Release|Any CPU.Build.0 = Release|Any CPU
		{6059BDD7-4E45-6F49-FA29-DD79D5663420}.Debug|Any CPU.ActiveCfg = Debug|Any CPU
		{6059BDD7-4E45-6F49-FA29-DD79D5663420}.Debug|Any CPU.Build.0 = Debug|Any CPU
		{6059BDD7-4E45-6F49-FA29-DD79D5663420}.Release|Any CPU.ActiveCfg = Release|Any CPU
		{6059BDD7-4E45-6F49-FA29-DD79D5663420}.Release|Any CPU.Build.0 = Release|Any CPU
		{69B0D71F-0DD8-9B6C-7692-0D6C5917BF20}.Debug|Any CPU.ActiveCfg = Debug|Any CPU
		{69B0D71F-0DD8-9B6C-7692-0D6C5917BF20}.Debug|Any CPU.Build.0 = Debug|Any CPU
		{69B0D71F-0DD8-9B6C-7692-0D6C5917BF20}.Release|Any CPU.ActiveCfg = Release|Any CPU
		{69B0D71F-0DD8-9B6C-7692-0D6C5917BF20}.Release|Any CPU.Build.0 = Release|Any CPU
		{4B3C8E04-FFE0-E2B5-1673-6370DBF6B9DA}.Debug|Any CPU.ActiveCfg = Debug|Any CPU
		{4B3C8E04-FFE0-E2B5-1673-6370DBF6B9DA}.Debug|Any CPU.Build.0 = Debug|Any CPU
		{4B3C8E04-FFE0-E2B5-1673-6370DBF6B9DA}.Release|Any CPU.ActiveCfg = Release|Any CPU
		{4B3C8E04-FFE0-E2B5-1673-6370DBF6B9DA}.Release|Any CPU.Build.0 = Release|Any CPU
		{01934FA0-13B8-0E04-1831-EF4E1B1D9FFB}.Debug|Any CPU.ActiveCfg = Debug|Any CPU
		{01934FA0-13B8-0E04-1831-EF4E1B1D9FFB}.Debug|Any CPU.Build.0 = Debug|Any CPU
		{01934FA0-13B8-0E04-1831-EF4E1B1D9FFB}.Release|Any CPU.ActiveCfg = Release|Any CPU
		{01934FA0-13B8-0E04-1831-EF4E1B1D9FFB}.Release|Any CPU.Build.0 = Release|Any CPU
		{34CD7A4F-1503-BADE-0859-6E8FF4F1ABFE}.Debug|Any CPU.ActiveCfg = Debug|Any CPU
		{34CD7A4F-1503-BADE-0859-6E8FF4F1ABFE}.Debug|Any CPU.Build.0 = Debug|Any CPU
		{34CD7A4F-1503-BADE-0859-6E8FF4F1ABFE}.Release|Any CPU.ActiveCfg = Release|Any CPU
		{34CD7A4F-1503-BADE-0859-6E8FF4F1ABFE}.Release|Any CPU.Build.0 = Release|Any CPU
		{42DC5132-9B91-EAD0-35AB-E84974CEA302}.Debug|Any CPU.ActiveCfg = Debug|Any CPU
		{42DC5132-9B91-EAD0-35AB-E84974CEA302}.Debug|Any CPU.Build.0 = Debug|Any CPU
		{42DC5132-9B91-EAD0-35AB-E84974CEA302}.Release|Any CPU.ActiveCfg = Release|Any CPU
		{42DC5132-9B91-EAD0-35AB-E84974CEA302}.Release|Any CPU.Build.0 = Release|Any CPU
		{23889FDD-8851-DA9B-57E1-FDA9E09A5F02}.Debug|Any CPU.ActiveCfg = Debug|Any CPU
		{23889FDD-8851-DA9B-57E1-FDA9E09A5F02}.Debug|Any CPU.Build.0 = Debug|Any CPU
		{23889FDD-8851-DA9B-57E1-FDA9E09A5F02}.Release|Any CPU.ActiveCfg = Release|Any CPU
		{23889FDD-8851-DA9B-57E1-FDA9E09A5F02}.Release|Any CPU.Build.0 = Release|Any CPU
		{EFD4A899-8CF7-5EF0-2BBE-4AE0DE683BB4}.Debug|Any CPU.ActiveCfg = Debug|Any CPU
		{EFD4A899-8CF7-5EF0-2BBE-4AE0DE683BB4}.Debug|Any CPU.Build.0 = Debug|Any CPU
		{EFD4A899-8CF7-5EF0-2BBE-4AE0DE683BB4}.Release|Any CPU.ActiveCfg = Release|Any CPU
		{EFD4A899-8CF7-5EF0-2BBE-4AE0DE683BB4}.Release|Any CPU.Build.0 = Release|Any CPU
		{CE95C546-6869-CC45-D036-006A4B2BEDFA}.Debug|Any CPU.ActiveCfg = Debug|Any CPU
		{CE95C546-6869-CC45-D036-006A4B2BEDFA}.Debug|Any CPU.Build.0 = Debug|Any CPU
		{CE95C546-6869-CC45-D036-006A4B2BEDFA}.Release|Any CPU.ActiveCfg = Release|Any CPU
		{CE95C546-6869-CC45-D036-006A4B2BEDFA}.Release|Any CPU.Build.0 = Release|Any CPU
		{E24AACBF-D832-D1F7-94FA-B2095B2B7C97}.Debug|Any CPU.ActiveCfg = Debug|Any CPU
		{E24AACBF-D832-D1F7-94FA-B2095B2B7C97}.Debug|Any CPU.Build.0 = Debug|Any CPU
		{E24AACBF-D832-D1F7-94FA-B2095B2B7C97}.Release|Any CPU.ActiveCfg = Release|Any CPU
		{E24AACBF-D832-D1F7-94FA-B2095B2B7C97}.Release|Any CPU.Build.0 = Release|Any CPU
		{686C1CB6-91DC-D6AE-22AE-C47E53E3ABA2}.Debug|Any CPU.ActiveCfg = Debug|Any CPU
		{686C1CB6-91DC-D6AE-22AE-C47E53E3ABA2}.Debug|Any CPU.Build.0 = Debug|Any CPU
		{686C1CB6-91DC-D6AE-22AE-C47E53E3ABA2}.Release|Any CPU.ActiveCfg = Release|Any CPU
		{686C1CB6-91DC-D6AE-22AE-C47E53E3ABA2}.Release|Any CPU.Build.0 = Release|Any CPU
		{F996A9D8-C526-CCF6-446F-2DF5318392D0}.Debug|Any CPU.ActiveCfg = Debug|Any CPU
		{F996A9D8-C526-CCF6-446F-2DF5318392D0}.Debug|Any CPU.Build.0 = Debug|Any CPU
		{F996A9D8-C526-CCF6-446F-2DF5318392D0}.Release|Any CPU.ActiveCfg = Release|Any CPU
		{F996A9D8-C526-CCF6-446F-2DF5318392D0}.Release|Any CPU.Build.0 = Release|Any CPU
		{37D53B94-04B5-8799-529A-0221B4F7CDA4}.Debug|Any CPU.ActiveCfg = Debug|Any CPU
		{37D53B94-04B5-8799-529A-0221B4F7CDA4}.Debug|Any CPU.Build.0 = Debug|Any CPU
		{37D53B94-04B5-8799-529A-0221B4F7CDA4}.Release|Any CPU.ActiveCfg = Release|Any CPU
		{37D53B94-04B5-8799-529A-0221B4F7CDA4}.Release|Any CPU.Build.0 = Release|Any CPU
		{31B01627-9E3E-1897-8E82-A72DE4CBF45C}.Debug|Any CPU.ActiveCfg = Debug|Any CPU
		{31B01627-9E3E-1897-8E82-A72DE4CBF45C}.Debug|Any CPU.Build.0 = Debug|Any CPU
		{31B01627-9E3E-1897-8E82-A72DE4CBF45C}.Release|Any CPU.ActiveCfg = Release|Any CPU
		{31B01627-9E3E-1897-8E82-A72DE4CBF45C}.Release|Any CPU.Build.0 = Release|Any CPU
		{E5833CFA-D969-FD19-D7F2-48F318AB3ED4}.Debug|Any CPU.ActiveCfg = Debug|Any CPU
		{E5833CFA-D969-FD19-D7F2-48F318AB3ED4}.Debug|Any CPU.Build.0 = Debug|Any CPU
		{E5833CFA-D969-FD19-D7F2-48F318AB3ED4}.Release|Any CPU.ActiveCfg = Release|Any CPU
		{E5833CFA-D969-FD19-D7F2-48F318AB3ED4}.Release|Any CPU.Build.0 = Release|Any CPU
		{3A6469AD-285F-91F5-9058-EF0CF2862F25}.Debug|Any CPU.ActiveCfg = Debug|Any CPU
		{3A6469AD-285F-91F5-9058-EF0CF2862F25}.Debug|Any CPU.Build.0 = Debug|Any CPU
		{3A6469AD-285F-91F5-9058-EF0CF2862F25}.Release|Any CPU.ActiveCfg = Release|Any CPU
		{3A6469AD-285F-91F5-9058-EF0CF2862F25}.Release|Any CPU.Build.0 = Release|Any CPU
		{69F2AE9F-F3CB-5E12-486B-D5A4C32893FA}.Debug|Any CPU.ActiveCfg = Debug|Any CPU
		{69F2AE9F-F3CB-5E12-486B-D5A4C32893FA}.Debug|Any CPU.Build.0 = Debug|Any CPU
		{69F2AE9F-F3CB-5E12-486B-D5A4C32893FA}.Release|Any CPU.ActiveCfg = Release|Any CPU
		{69F2AE9F-F3CB-5E12-486B-D5A4C32893FA}.Release|Any CPU.Build.0 = Release|Any CPU
		{179E0015-3118-5274-695E-81E93FD9A140}.Debug|Any CPU.ActiveCfg = Debug|Any CPU
		{179E0015-3118-5274-695E-81E93FD9A140}.Debug|Any CPU.Build.0 = Debug|Any CPU
		{179E0015-3118-5274-695E-81E93FD9A140}.Release|Any CPU.ActiveCfg = Release|Any CPU
		{179E0015-3118-5274-695E-81E93FD9A140}.Release|Any CPU.Build.0 = Release|Any CPU
		{388C6A3D-1936-CDE2-923F-7588473A5603}.Debug|Any CPU.ActiveCfg = Debug|Any CPU
		{388C6A3D-1936-CDE2-923F-7588473A5603}.Debug|Any CPU.Build.0 = Debug|Any CPU
		{388C6A3D-1936-CDE2-923F-7588473A5603}.Release|Any CPU.ActiveCfg = Release|Any CPU
		{388C6A3D-1936-CDE2-923F-7588473A5603}.Release|Any CPU.Build.0 = Release|Any CPU
		{7D67E246-9D14-78A8-63EC-8ED4E8B49665}.Debug|Any CPU.ActiveCfg = Debug|Any CPU
		{7D67E246-9D14-78A8-63EC-8ED4E8B49665}.Debug|Any CPU.Build.0 = Debug|Any CPU
		{7D67E246-9D14-78A8-63EC-8ED4E8B49665}.Release|Any CPU.ActiveCfg = Release|Any CPU
		{7D67E246-9D14-78A8-63EC-8ED4E8B49665}.Release|Any CPU.Build.0 = Release|Any CPU
		{E3AFA95B-23CC-C73B-0331-FE10369EBEB6}.Debug|Any CPU.ActiveCfg = Debug|Any CPU
		{E3AFA95B-23CC-C73B-0331-FE10369EBEB6}.Debug|Any CPU.Build.0 = Debug|Any CPU
		{E3AFA95B-23CC-C73B-0331-FE10369EBEB6}.Release|Any CPU.ActiveCfg = Release|Any CPU
		{E3AFA95B-23CC-C73B-0331-FE10369EBEB6}.Release|Any CPU.Build.0 = Release|Any CPU
		{0FEFB843-0E5D-C49A-246E-C65E96472D63}.Debug|Any CPU.ActiveCfg = Debug|Any CPU
		{0FEFB843-0E5D-C49A-246E-C65E96472D63}.Debug|Any CPU.Build.0 = Debug|Any CPU
		{0FEFB843-0E5D-C49A-246E-C65E96472D63}.Release|Any CPU.ActiveCfg = Release|Any CPU
		{0FEFB843-0E5D-C49A-246E-C65E96472D63}.Release|Any CPU.Build.0 = Release|Any CPU
		{B3A5AB83-690E-B174-3F55-15602F1C9610}.Debug|Any CPU.ActiveCfg = Debug|Any CPU
		{B3A5AB83-690E-B174-3F55-15602F1C9610}.Debug|Any CPU.Build.0 = Debug|Any CPU
		{B3A5AB83-690E-B174-3F55-15602F1C9610}.Release|Any CPU.ActiveCfg = Release|Any CPU
		{B3A5AB83-690E-B174-3F55-15602F1C9610}.Release|Any CPU.Build.0 = Release|Any CPU
		{43A13592-23B8-F20C-ED5F-D75BAA627287}.Debug|Any CPU.ActiveCfg = Debug|Any CPU
		{43A13592-23B8-F20C-ED5F-D75BAA627287}.Debug|Any CPU.Build.0 = Debug|Any CPU
		{43A13592-23B8-F20C-ED5F-D75BAA627287}.Release|Any CPU.ActiveCfg = Release|Any CPU
		{43A13592-23B8-F20C-ED5F-D75BAA627287}.Release|Any CPU.Build.0 = Release|Any CPU
		{94F42BEC-A0F8-EBF7-0EA4-E551D5ADD74B}.Debug|Any CPU.ActiveCfg = Debug|Any CPU
		{94F42BEC-A0F8-EBF7-0EA4-E551D5ADD74B}.Debug|Any CPU.Build.0 = Debug|Any CPU
		{94F42BEC-A0F8-EBF7-0EA4-E551D5ADD74B}.Release|Any CPU.ActiveCfg = Release|Any CPU
		{94F42BEC-A0F8-EBF7-0EA4-E551D5ADD74B}.Release|Any CPU.Build.0 = Release|Any CPU
		{1E888E7C-D73E-11DF-BA42-A1C13A94E0B3}.Debug|Any CPU.ActiveCfg = Debug|Any CPU
		{1E888E7C-D73E-11DF-BA42-A1C13A94E0B3}.Debug|Any CPU.Build.0 = Debug|Any CPU
		{1E888E7C-D73E-11DF-BA42-A1C13A94E0B3}.Release|Any CPU.ActiveCfg = Release|Any CPU
		{1E888E7C-D73E-11DF-BA42-A1C13A94E0B3}.Release|Any CPU.Build.0 = Release|Any CPU
		{FA75DAA4-A045-39F6-3524-3EB3F54BD51F}.Debug|Any CPU.ActiveCfg = Debug|Any CPU
		{FA75DAA4-A045-39F6-3524-3EB3F54BD51F}.Debug|Any CPU.Build.0 = Debug|Any CPU
		{FA75DAA4-A045-39F6-3524-3EB3F54BD51F}.Release|Any CPU.ActiveCfg = Release|Any CPU
		{FA75DAA4-A045-39F6-3524-3EB3F54BD51F}.Release|Any CPU.Build.0 = Release|Any CPU
		{F73130E9-F73E-5FD5-E6BF-DC1CECD856F6}.Debug|Any CPU.ActiveCfg = Debug|Any CPU
		{F73130E9-F73E-5FD5-E6BF-DC1CECD856F6}.Debug|Any CPU.Build.0 = Debug|Any CPU
		{F73130E9-F73E-5FD5-E6BF-DC1CECD856F6}.Release|Any CPU.ActiveCfg = Release|Any CPU
		{F73130E9-F73E-5FD5-E6BF-DC1CECD856F6}.Release|Any CPU.Build.0 = Release|Any CPU
		{0091078B-1EAC-CAC5-EA19-C4089BDE0190}.Debug|Any CPU.ActiveCfg = Debug|Any CPU
		{0091078B-1EAC-CAC5-EA19-C4089BDE0190}.Debug|Any CPU.Build.0 = Debug|Any CPU
		{0091078B-1EAC-CAC5-EA19-C4089BDE0190}.Release|Any CPU.ActiveCfg = Release|Any CPU
		{0091078B-1EAC-CAC5-EA19-C4089BDE0190}.Release|Any CPU.Build.0 = Release|Any CPU
		{3EC6C44E-3585-0860-1D91-E5FF1B112DDE}.Debug|Any CPU.ActiveCfg = Debug|Any CPU
		{3EC6C44E-3585-0860-1D91-E5FF1B112DDE}.Debug|Any CPU.Build.0 = Debug|Any CPU
		{3EC6C44E-3585-0860-1D91-E5FF1B112DDE}.Release|Any CPU.ActiveCfg = Release|Any CPU
		{3EC6C44E-3585-0860-1D91-E5FF1B112DDE}.Release|Any CPU.Build.0 = Release|Any CPU
		{668896FF-F806-60CB-A47C-F091B839B2FB}.Debug|Any CPU.ActiveCfg = Debug|Any CPU
		{668896FF-F806-60CB-A47C-F091B839B2FB}.Debug|Any CPU.Build.0 = Debug|Any CPU
		{668896FF-F806-60CB-A47C-F091B839B2FB}.Release|Any CPU.ActiveCfg = Release|Any CPU
		{668896FF-F806-60CB-A47C-F091B839B2FB}.Release|Any CPU.Build.0 = Release|Any CPU
		{FC4C6AC9-214B-39C8-7794-C295E51584FD}.Debug|Any CPU.ActiveCfg = Debug|Any CPU
		{FC4C6AC9-214B-39C8-7794-C295E51584FD}.Debug|Any CPU.Build.0 = Debug|Any CPU
		{FC4C6AC9-214B-39C8-7794-C295E51584FD}.Release|Any CPU.ActiveCfg = Release|Any CPU
		{FC4C6AC9-214B-39C8-7794-C295E51584FD}.Release|Any CPU.Build.0 = Release|Any CPU
		{3FD0E958-75E8-C6E8-C8E4-08982720669B}.Debug|Any CPU.ActiveCfg = Debug|Any CPU
		{3FD0E958-75E8-C6E8-C8E4-08982720669B}.Debug|Any CPU.Build.0 = Debug|Any CPU
		{3FD0E958-75E8-C6E8-C8E4-08982720669B}.Release|Any CPU.ActiveCfg = Release|Any CPU
		{3FD0E958-75E8-C6E8-C8E4-08982720669B}.Release|Any CPU.Build.0 = Release|Any CPU
		{06338C22-6BC1-1E70-F35F-E22E5833BF7C}.Debug|Any CPU.ActiveCfg = Debug|Any CPU
		{06338C22-6BC1-1E70-F35F-E22E5833BF7C}.Debug|Any CPU.Build.0 = Debug|Any CPU
		{06338C22-6BC1-1E70-F35F-E22E5833BF7C}.Release|Any CPU.ActiveCfg = Release|Any CPU
		{06338C22-6BC1-1E70-F35F-E22E5833BF7C}.Release|Any CPU.Build.0 = Release|Any CPU
		{96331556-8C15-0731-BD4F-F981FD97C398}.Debug|Any CPU.ActiveCfg = Debug|Any CPU
		{96331556-8C15-0731-BD4F-F981FD97C398}.Debug|Any CPU.Build.0 = Debug|Any CPU
		{96331556-8C15-0731-BD4F-F981FD97C398}.Release|Any CPU.ActiveCfg = Release|Any CPU
		{96331556-8C15-0731-BD4F-F981FD97C398}.Release|Any CPU.Build.0 = Release|Any CPU
		{56FDB495-A910-FFDD-1F27-19B2001F384A}.Debug|Any CPU.ActiveCfg = Debug|Any CPU
		{56FDB495-A910-FFDD-1F27-19B2001F384A}.Debug|Any CPU.Build.0 = Debug|Any CPU
		{56FDB495-A910-FFDD-1F27-19B2001F384A}.Release|Any CPU.ActiveCfg = Release|Any CPU
		{56FDB495-A910-FFDD-1F27-19B2001F384A}.Release|Any CPU.Build.0 = Release|Any CPU
		{639AEE65-DEB6-F639-602A-1E0E57A40FC4}.Debug|Any CPU.ActiveCfg = Debug|Any CPU
		{639AEE65-DEB6-F639-602A-1E0E57A40FC4}.Debug|Any CPU.Build.0 = Debug|Any CPU
		{639AEE65-DEB6-F639-602A-1E0E57A40FC4}.Release|Any CPU.ActiveCfg = Release|Any CPU
		{639AEE65-DEB6-F639-602A-1E0E57A40FC4}.Release|Any CPU.Build.0 = Release|Any CPU
		{52F1FB7F-BAD8-3559-DB28-3E735CFC4AFA}.Debug|Any CPU.ActiveCfg = Debug|Any CPU
		{52F1FB7F-BAD8-3559-DB28-3E735CFC4AFA}.Debug|Any CPU.Build.0 = Debug|Any CPU
		{52F1FB7F-BAD8-3559-DB28-3E735CFC4AFA}.Release|Any CPU.ActiveCfg = Release|Any CPU
		{52F1FB7F-BAD8-3559-DB28-3E735CFC4AFA}.Release|Any CPU.Build.0 = Release|Any CPU
		{1851FCAF-7635-FDF1-D34B-9A7C1115A4D9}.Debug|Any CPU.ActiveCfg = Debug|Any CPU
		{1851FCAF-7635-FDF1-D34B-9A7C1115A4D9}.Debug|Any CPU.Build.0 = Debug|Any CPU
		{1851FCAF-7635-FDF1-D34B-9A7C1115A4D9}.Release|Any CPU.ActiveCfg = Release|Any CPU
		{1851FCAF-7635-FDF1-D34B-9A7C1115A4D9}.Release|Any CPU.Build.0 = Release|Any CPU
		{747A7086-8435-9C6A-EF58-7C4F4DBF5C4C}.Debug|Any CPU.ActiveCfg = Debug|Any CPU
		{747A7086-8435-9C6A-EF58-7C4F4DBF5C4C}.Debug|Any CPU.Build.0 = Debug|Any CPU
		{747A7086-8435-9C6A-EF58-7C4F4DBF5C4C}.Release|Any CPU.ActiveCfg = Release|Any CPU
		{747A7086-8435-9C6A-EF58-7C4F4DBF5C4C}.Release|Any CPU.Build.0 = Release|Any CPU
		{37B5FD76-3A3C-4586-B253-22D140BF7DFF}.Debug|Any CPU.ActiveCfg = Debug|Any CPU
		{37B5FD76-3A3C-4586-B253-22D140BF7DFF}.Debug|Any CPU.Build.0 = Debug|Any CPU
		{37B5FD76-3A3C-4586-B253-22D140BF7DFF}.Release|Any CPU.ActiveCfg = Release|Any CPU
		{37B5FD76-3A3C-4586-B253-22D140BF7DFF}.Release|Any CPU.Build.0 = Release|Any CPU
		{21E23F15-EBDA-DE81-0FFE-DB7E1D864ACD}.Debug|Any CPU.ActiveCfg = Debug|Any CPU
		{21E23F15-EBDA-DE81-0FFE-DB7E1D864ACD}.Debug|Any CPU.Build.0 = Debug|Any CPU
		{21E23F15-EBDA-DE81-0FFE-DB7E1D864ACD}.Release|Any CPU.ActiveCfg = Release|Any CPU
		{21E23F15-EBDA-DE81-0FFE-DB7E1D864ACD}.Release|Any CPU.Build.0 = Release|Any CPU
		{356926C1-47E2-4EE3-3D59-B15B352ED078}.Debug|Any CPU.ActiveCfg = Debug|Any CPU
		{356926C1-47E2-4EE3-3D59-B15B352ED078}.Debug|Any CPU.Build.0 = Debug|Any CPU
		{356926C1-47E2-4EE3-3D59-B15B352ED078}.Release|Any CPU.ActiveCfg = Release|Any CPU
		{356926C1-47E2-4EE3-3D59-B15B352ED078}.Release|Any CPU.Build.0 = Release|Any CPU
		{BBC6353D-8F5A-DA95-4653-6E7560DC0CB4}.Debug|Any CPU.ActiveCfg = Debug|Any CPU
		{BBC6353D-8F5A-DA95-4653-6E7560DC0CB4}.Debug|Any CPU.Build.0 = Debug|Any CPU
		{BBC6353D-8F5A-DA95-4653-6E7560DC0CB4}.Release|Any CPU.ActiveCfg = Release|Any CPU
		{BBC6353D-8F5A-DA95-4653-6E7560DC0CB4}.Release|Any CPU.Build.0 = Release|Any CPU
		{97031980-BDDF-E822-620A-2C3E6F9C6E64}.Debug|Any CPU.ActiveCfg = Debug|Any CPU
		{97031980-BDDF-E822-620A-2C3E6F9C6E64}.Debug|Any CPU.Build.0 = Debug|Any CPU
		{97031980-BDDF-E822-620A-2C3E6F9C6E64}.Release|Any CPU.ActiveCfg = Release|Any CPU
		{97031980-BDDF-E822-620A-2C3E6F9C6E64}.Release|Any CPU.Build.0 = Release|Any CPU
		{A6F8232E-713A-50E6-7763-93B871488A26}.Debug|Any CPU.ActiveCfg = Debug|Any CPU
		{A6F8232E-713A-50E6-7763-93B871488A26}.Debug|Any CPU.Build.0 = Debug|Any CPU
		{A6F8232E-713A-50E6-7763-93B871488A26}.Release|Any CPU.ActiveCfg = Release|Any CPU
		{A6F8232E-713A-50E6-7763-93B871488A26}.Release|Any CPU.Build.0 = Release|Any CPU
		{3D64A010-DDE3-30E3-8B22-FE27F42DB9ED}.Debug|Any CPU.ActiveCfg = Debug|Any CPU
		{3D64A010-DDE3-30E3-8B22-FE27F42DB9ED}.Debug|Any CPU.Build.0 = Debug|Any CPU
		{3D64A010-DDE3-30E3-8B22-FE27F42DB9ED}.Release|Any CPU.ActiveCfg = Release|Any CPU
		{3D64A010-DDE3-30E3-8B22-FE27F42DB9ED}.Release|Any CPU.Build.0 = Release|Any CPU
		{C558762F-1D30-C675-AF00-7E5B4A2083C8}.Debug|Any CPU.ActiveCfg = Debug|Any CPU
		{C558762F-1D30-C675-AF00-7E5B4A2083C8}.Debug|Any CPU.Build.0 = Debug|Any CPU
		{C558762F-1D30-C675-AF00-7E5B4A2083C8}.Release|Any CPU.ActiveCfg = Release|Any CPU
		{C558762F-1D30-C675-AF00-7E5B4A2083C8}.Release|Any CPU.Build.0 = Release|Any CPU
		{89A3D8D3-C6C3-EF49-1C2A-46F8338847A4}.Debug|Any CPU.ActiveCfg = Debug|Any CPU
		{89A3D8D3-C6C3-EF49-1C2A-46F8338847A4}.Debug|Any CPU.Build.0 = Debug|Any CPU
		{89A3D8D3-C6C3-EF49-1C2A-46F8338847A4}.Release|Any CPU.ActiveCfg = Release|Any CPU
		{89A3D8D3-C6C3-EF49-1C2A-46F8338847A4}.Release|Any CPU.Build.0 = Release|Any CPU
		{D535FE44-4F73-1B2E-D061-4690A5F43958}.Debug|Any CPU.ActiveCfg = Debug|Any CPU
		{D535FE44-4F73-1B2E-D061-4690A5F43958}.Debug|Any CPU.Build.0 = Debug|Any CPU
		{D535FE44-4F73-1B2E-D061-4690A5F43958}.Release|Any CPU.ActiveCfg = Release|Any CPU
		{D535FE44-4F73-1B2E-D061-4690A5F43958}.Release|Any CPU.Build.0 = Release|Any CPU
		{6C8C7B98-DB27-E117-1DAB-58412AD4FC43}.Debug|Any CPU.ActiveCfg = Debug|Any CPU
		{6C8C7B98-DB27-E117-1DAB-58412AD4FC43}.Debug|Any CPU.Build.0 = Debug|Any CPU
		{6C8C7B98-DB27-E117-1DAB-58412AD4FC43}.Release|Any CPU.ActiveCfg = Release|Any CPU
		{6C8C7B98-DB27-E117-1DAB-58412AD4FC43}.Release|Any CPU.Build.0 = Release|Any CPU
		{5CAF2C8E-8D8B-02EF-3566-CEA6082D1497}.Debug|Any CPU.ActiveCfg = Debug|Any CPU
		{5CAF2C8E-8D8B-02EF-3566-CEA6082D1497}.Debug|Any CPU.Build.0 = Debug|Any CPU
		{5CAF2C8E-8D8B-02EF-3566-CEA6082D1497}.Release|Any CPU.ActiveCfg = Release|Any CPU
		{5CAF2C8E-8D8B-02EF-3566-CEA6082D1497}.Release|Any CPU.Build.0 = Release|Any CPU
		{B44FB2E5-E31F-A0A6-D239-2B0B2E961122}.Debug|Any CPU.ActiveCfg = Debug|Any CPU
		{B44FB2E5-E31F-A0A6-D239-2B0B2E961122}.Debug|Any CPU.Build.0 = Debug|Any CPU
		{B44FB2E5-E31F-A0A6-D239-2B0B2E961122}.Release|Any CPU.ActiveCfg = Release|Any CPU
		{B44FB2E5-E31F-A0A6-D239-2B0B2E961122}.Release|Any CPU.Build.0 = Release|Any CPU
		{B3FF3CDB-A207-07FB-F58C-670EAA780F2E}.Debug|Any CPU.ActiveCfg = Debug|Any CPU
		{B3FF3CDB-A207-07FB-F58C-670EAA780F2E}.Debug|Any CPU.Build.0 = Debug|Any CPU
		{B3FF3CDB-A207-07FB-F58C-670EAA780F2E}.Release|Any CPU.ActiveCfg = Release|Any CPU
		{B3FF3CDB-A207-07FB-F58C-670EAA780F2E}.Release|Any CPU.Build.0 = Release|Any CPU
	EndGlobalSection
	GlobalSection(SolutionProperties) = preSolution
		HideSolutionNode = FALSE
	EndGlobalSection
EndGlobal
